
Microsoft Visual Studio Solution File, Format Version 12.00
Project("{2150E333-8FDC-42A3-9474-1A3956D46DE8}") = "src", "src", "{AABBAE7D-94D2-40F5-AF3E-96868493BDEB}"
EndProject
Project("{2150E333-8FDC-42A3-9474-1A3956D46DE8}") = "Building Blocks", "Building Blocks", "{633701C3-CA9C-4807-8D88-3C43DA9DB46A}"
EndProject
Project("{2150E333-8FDC-42A3-9474-1A3956D46DE8}") = "Services", "Services", "{4B990E23-B541-4E50-98E1-2D5F219BAAC0}"
EndProject
Project("{2150E333-8FDC-42A3-9474-1A3956D46DE8}") = "Web", "Web", "{A218B4D4-9045-42DE-93CD-0022211B03FB}"
EndProject
Project("{2150E333-8FDC-42A3-9474-1A3956D46DE8}") = "Identidade", "Identidade", "{0E8BE307-48C2-4049-BB2D-D53F0C83C3FC}"
EndProject
Project("{FAE04EC0-301F-11D3-BF4B-00C04F79EFBC}") = "ASE.Identidade.API", "src\Services\ASE.Identidade.API\ASE.Identidade.API.csproj", "{716A4E9B-C31C-4CE7-A08E-AE3932633A9A}"
EndProject
Project("{FAE04EC0-301F-11D3-BF4B-00C04F79EFBC}") = "ASE.WebApp.MVC", "src\web\ASE.WebApp.MVC\ASE.WebApp.MVC.csproj", "{8B4E93D3-03A5-4E6B-ACE0-B57136F83D2B}"
EndProject
Project("{2150E333-8FDC-42A3-9474-1A3956D46DE8}") = "Core", "Core", "{B3C4E8E2-552B-416A-B00A-9072F3C0C93B}"
EndProject
Project("{FAE04EC0-301F-11D3-BF4B-00C04F79EFBC}") = "ASE.Core", "src\building blocks\ASE.Core\ASE.Core.csproj", "{4BBBCA40-797A-4CB0-B011-FFCE9DA5E112}"
EndProject
Project("{2150E333-8FDC-42A3-9474-1A3956D46DE8}") = "Carrinho", "Carrinho", "{80B700A5-3406-4AAA-9BF0-72841540BD75}"
EndProject
Project("{2150E333-8FDC-42A3-9474-1A3956D46DE8}") = "Catalogo", "Catalogo", "{39426288-DFD0-4BDF-A0C3-53A2DB38B256}"
EndProject
Project("{2150E333-8FDC-42A3-9474-1A3956D46DE8}") = "Cliente", "Cliente", "{448D596E-6975-464D-BF77-3DC0AAA2918E}"
EndProject
Project("{2150E333-8FDC-42A3-9474-1A3956D46DE8}") = "Pagamento", "Pagamento", "{4A0C3376-BC4F-4A5D-88A8-0F4161C000FC}"
EndProject
Project("{2150E333-8FDC-42A3-9474-1A3956D46DE8}") = "Pedido", "Pedido", "{DB89C73F-7656-4EE4-904B-563770BAF7FB}"
EndProject
Project("{FAE04EC0-301F-11D3-BF4B-00C04F79EFBC}") = "ASE.Carrinho.Api", "src\Services\ASE.Carrinho.Api\ASE.Carrinho.Api.csproj", "{10E84A63-C27A-4E26-A585-D51318F2F1AF}"
EndProject
Project("{FAE04EC0-301F-11D3-BF4B-00C04F79EFBC}") = "ASE.Catalogo.API", "src\Services\ASE.Catalogo.API\ASE.Catalogo.API.csproj", "{A5BC74D8-E124-4821-8DFC-7923D3031BA1}"
EndProject
Project("{FAE04EC0-301F-11D3-BF4B-00C04F79EFBC}") = "ASE.Cliente.API", "src\Services\ASE.Cliente.API\ASE.Cliente.API.csproj", "{B1BB2001-7A21-428C-92AD-FC370ED308C3}"
EndProject
Project("{FAE04EC0-301F-11D3-BF4B-00C04F79EFBC}") = "ASE.Pagamento.API", "src\Services\ASE.Pagamento.API\ASE.Pagamento.API.csproj", "{50543ABC-FB53-4303-A9B8-CEB524DCBC19}"
EndProject
Project("{FAE04EC0-301F-11D3-BF4B-00C04F79EFBC}") = "ASE.Pedido.API", "src\Services\ASE.Pedido.API\ASE.Pedido.API.csproj", "{08D75F71-25D3-4F0E-BA8B-7723BF1E9179}"
EndProject
Global
	GlobalSection(SolutionConfigurationPlatforms) = preSolution
		Debug|Any CPU = Debug|Any CPU
		Release|Any CPU = Release|Any CPU
	EndGlobalSection
	GlobalSection(NestedProjects) = preSolution
		{633701C3-CA9C-4807-8D88-3C43DA9DB46A} = {AABBAE7D-94D2-40F5-AF3E-96868493BDEB}
		{4B990E23-B541-4E50-98E1-2D5F219BAAC0} = {AABBAE7D-94D2-40F5-AF3E-96868493BDEB}
		{A218B4D4-9045-42DE-93CD-0022211B03FB} = {AABBAE7D-94D2-40F5-AF3E-96868493BDEB}
		{0E8BE307-48C2-4049-BB2D-D53F0C83C3FC} = {4B990E23-B541-4E50-98E1-2D5F219BAAC0}
		{716A4E9B-C31C-4CE7-A08E-AE3932633A9A} = {0E8BE307-48C2-4049-BB2D-D53F0C83C3FC}
		{8B4E93D3-03A5-4E6B-ACE0-B57136F83D2B} = {A218B4D4-9045-42DE-93CD-0022211B03FB}
		{B3C4E8E2-552B-416A-B00A-9072F3C0C93B} = {633701C3-CA9C-4807-8D88-3C43DA9DB46A}
		{4BBBCA40-797A-4CB0-B011-FFCE9DA5E112} = {B3C4E8E2-552B-416A-B00A-9072F3C0C93B}
		{80B700A5-3406-4AAA-9BF0-72841540BD75} = {4B990E23-B541-4E50-98E1-2D5F219BAAC0}
		{39426288-DFD0-4BDF-A0C3-53A2DB38B256} = {4B990E23-B541-4E50-98E1-2D5F219BAAC0}
		{448D596E-6975-464D-BF77-3DC0AAA2918E} = {4B990E23-B541-4E50-98E1-2D5F219BAAC0}
		{4A0C3376-BC4F-4A5D-88A8-0F4161C000FC} = {4B990E23-B541-4E50-98E1-2D5F219BAAC0}
		{DB89C73F-7656-4EE4-904B-563770BAF7FB} = {4B990E23-B541-4E50-98E1-2D5F219BAAC0}
		{10E84A63-C27A-4E26-A585-D51318F2F1AF} = {80B700A5-3406-4AAA-9BF0-72841540BD75}
		{A5BC74D8-E124-4821-8DFC-7923D3031BA1} = {39426288-DFD0-4BDF-A0C3-53A2DB38B256}
		{B1BB2001-7A21-428C-92AD-FC370ED308C3} = {448D596E-6975-464D-BF77-3DC0AAA2918E}
		{50543ABC-FB53-4303-A9B8-CEB524DCBC19} = {4A0C3376-BC4F-4A5D-88A8-0F4161C000FC}
		{08D75F71-25D3-4F0E-BA8B-7723BF1E9179} = {DB89C73F-7656-4EE4-904B-563770BAF7FB}
	EndGlobalSection
	GlobalSection(ProjectConfigurationPlatforms) = postSolution
		{716A4E9B-C31C-4CE7-A08E-AE3932633A9A}.Debug|Any CPU.ActiveCfg = Debug|Any CPU
		{716A4E9B-C31C-4CE7-A08E-AE3932633A9A}.Debug|Any CPU.Build.0 = Debug|Any CPU
		{716A4E9B-C31C-4CE7-A08E-AE3932633A9A}.Release|Any CPU.ActiveCfg = Release|Any CPU
		{716A4E9B-C31C-4CE7-A08E-AE3932633A9A}.Release|Any CPU.Build.0 = Release|Any CPU
		{8B4E93D3-03A5-4E6B-ACE0-B57136F83D2B}.Debug|Any CPU.ActiveCfg = Debug|Any CPU
		{8B4E93D3-03A5-4E6B-ACE0-B57136F83D2B}.Debug|Any CPU.Build.0 = Debug|Any CPU
		{8B4E93D3-03A5-4E6B-ACE0-B57136F83D2B}.Release|Any CPU.ActiveCfg = Release|Any CPU
		{8B4E93D3-03A5-4E6B-ACE0-B57136F83D2B}.Release|Any CPU.Build.0 = Release|Any CPU
		{4BBBCA40-797A-4CB0-B011-FFCE9DA5E112}.Debug|Any CPU.ActiveCfg = Debug|Any CPU
		{4BBBCA40-797A-4CB0-B011-FFCE9DA5E112}.Debug|Any CPU.Build.0 = Debug|Any CPU
		{4BBBCA40-797A-4CB0-B011-FFCE9DA5E112}.Release|Any CPU.ActiveCfg = Release|Any CPU
		{4BBBCA40-797A-4CB0-B011-FFCE9DA5E112}.Release|Any CPU.Build.0 = Release|Any CPU
		{10E84A63-C27A-4E26-A585-D51318F2F1AF}.Debug|Any CPU.ActiveCfg = Debug|Any CPU
		{10E84A63-C27A-4E26-A585-D51318F2F1AF}.Debug|Any CPU.Build.0 = Debug|Any CPU
		{10E84A63-C27A-4E26-A585-D51318F2F1AF}.Release|Any CPU.ActiveCfg = Release|Any CPU
		{10E84A63-C27A-4E26-A585-D51318F2F1AF}.Release|Any CPU.Build.0 = Release|Any CPU
		{A5BC74D8-E124-4821-8DFC-7923D3031BA1}.Debug|Any CPU.ActiveCfg = Debug|Any CPU
		{A5BC74D8-E124-4821-8DFC-7923D3031BA1}.Debug|Any CPU.Build.0 = Debug|Any CPU
		{A5BC74D8-E124-4821-8DFC-7923D3031BA1}.Release|Any CPU.ActiveCfg = Release|Any CPU
		{A5BC74D8-E124-4821-8DFC-7923D3031BA1}.Release|Any CPU.Build.0 = Release|Any CPU
		{B1BB2001-7A21-428C-92AD-FC370ED308C3}.Debug|Any CPU.ActiveCfg = Debug|Any CPU
		{B1BB2001-7A21-428C-92AD-FC370ED308C3}.Debug|Any CPU.Build.0 = Debug|Any CPU
		{B1BB2001-7A21-428C-92AD-FC370ED308C3}.Release|Any CPU.ActiveCfg = Release|Any CPU
		{B1BB2001-7A21-428C-92AD-FC370ED308C3}.Release|Any CPU.Build.0 = Release|Any CPU
		{50543ABC-FB53-4303-A9B8-CEB524DCBC19}.Debug|Any CPU.ActiveCfg = Debug|Any CPU
		{50543ABC-FB53-4303-A9B8-CEB524DCBC19}.Debug|Any CPU.Build.0 = Debug|Any CPU
		{50543ABC-FB53-4303-A9B8-CEB524DCBC19}.Release|Any CPU.ActiveCfg = Release|Any CPU
		{50543ABC-FB53-4303-A9B8-CEB524DCBC19}.Release|Any CPU.Build.0 = Release|Any CPU
		{08D75F71-25D3-4F0E-BA8B-7723BF1E9179}.Debug|Any CPU.ActiveCfg = Debug|Any CPU
		{08D75F71-25D3-4F0E-BA8B-7723BF1E9179}.Debug|Any CPU.Build.0 = Debug|Any CPU
		{08D75F71-25D3-4F0E-BA8B-7723BF1E9179}.Release|Any CPU.ActiveCfg = Release|Any CPU
		{08D75F71-25D3-4F0E-BA8B-7723BF1E9179}.Release|Any CPU.Build.0 = Release|Any CPU
	EndGlobalSection
EndGlobal
